{
  "lockfileVersion": 1,
  "configVersion": 1,
  "workspaces": {
    "": {
      "name": "wave-repo-browser",
      "dependencies": {
        "@vscode/codicons": "0.0.45",
        "monaco-editor": "^0.55.1",
      },
    },
  },
  "packages": {
    "@types/trusted-types": ["@types/trusted-types@2.0.7", "", {}, "sha512-ScaPdn1dQczgbl0QFTeTOmVHFULt394XJgOQNoyVhZ6r2vLnMLJfBPd53SB52T/3G36VI1/g2MZaX0cwDuXsfw=="],

    "@vscode/codicons": ["@vscode/codicons@0.0.45", "", {}, "sha512-1KAZ7XCMagp5Gdrlr4bbbcAqgcIL623iO1wW6rfcSVGAVUQvR0WP7bQx1SbJ11gmV3fdQTSEFIJQ/5C+HuVasw=="],

    "dompurify": ["dompurify@3.2.7", "", { "optionalDependencies": { "@types/trusted-types": "^2.0.7" } }, "sha512-WhL/YuveyGXJaerVlMYGWhvQswa7myDG17P7Vu65EWC05o8vfeNbvNf4d/BOvH99+ZW+LlQsc1GDKMa1vNK6dw=="],

    "marked": ["marked@14.0.0", "", { "bin": { "marked": "bin/marked.js" } }, "sha512-uIj4+faQ+MgHgwUW1l2PsPglZLOLOT1uErt06dAPtx2kjteLAkbsd/0FiYg/MGS+i7ZKLb7w2WClxHkzOOuryQ=="],

    "monaco-editor": ["monaco-editor@0.55.1", "", { "dependencies": { "dompurify": "3.2.7", "marked": "14.0.0" } }, "sha512-jz4x+TJNFHwHtwuV9vA9rMujcZRb0CEilTEwG2rRSpe/A7Jdkuj8xPKttCgOh+v/lkHy7HsZ64oj+q3xoAFl9A=="],
  }
}
