{
  "lockfileVersion": 1,
  "configVersion": 1,
  "workspaces": {
    "": {
      "name": "wave-repo-browser",
      "dependencies": {
        "@vscode/codicons": "0.0.45",
      },
    },
  },
  "packages": {
    "@vscode/codicons": ["@vscode/codicons@0.0.45", "", {}, "sha512-1KAZ7XCMagp5Gdrlr4bbbcAqgcIL623iO1wW6rfcSVGAVUQvR0WP7bQx1SbJ11gmV3fdQTSEFIJQ/5C+HuVasw=="],
  }
}
